
Microsoft Visual Studio Solution File, Format Version 12.00
# Visual Studio Version 17
VisualStudioVersion = 17.14.36301.6
MinimumVisualStudioVersion = 10.0.40219.1
Project("{2150E333-8FDC-42A3-9474-1A3956D46DE8}") = "Solution Items", "Solution Items", "{8EC462FD-D22E-90A8-E5CE-7E832BA40C5D}"
	ProjectSection(SolutionItems) = preProject
		..\.editorconfig = ..\.editorconfig
		..\.gitignore = ..\.gitignore
		..\.github\copilot-instructions.md = ..\.github\copilot-instructions.md
		..\README.md = ..\README.md
	EndProjectSection
EndProject
Project("{FAE04EC0-301F-11D3-BF4B-00C04F79EFBC}") = "SK.Rag.ConsoleApp", "SK.Rag.ConsoleApp\SK.Rag.ConsoleApp.csproj", "{DC6ECB0D-74AF-4C6D-E6D5-2B41FD2C372B}"
EndProject
Project("{FAE04EC0-301F-11D3-BF4B-00C04F79EFBC}") = "SK.Rag.Application", "SK.Rag.Application\SK.Rag.Application.csproj", "{5ED99523-EA76-4A3A-A08C-B6214FF91314}"
EndProject
Project("{FAE04EC0-301F-11D3-BF4B-00C04F79EFBC}") = "SK.Rag.Application.UnitTests", "SK.Rag.Application.UnitTests\SK.Rag.Application.UnitTests.csproj", "{12F6A394-B9BF-47FE-B4A8-7CA108CF031C}"
EndProject
Project("{FAE04EC0-301F-11D3-BF4B-00C04F79EFBC}") = "SK.Rag.ConsoleApp.UnitTests", "SK.Rag.ConsoleApp.UnitTests\SK.Rag.ConsoleApp.UnitTests.csproj", "{54780744-4765-451F-B5D4-9186D7A0622D}"
EndProject
Project("{2150E333-8FDC-42A3-9474-1A3956D46DE8}") = "Tests", "Tests", "{02EA681E-C7D8-13C7-8484-4AC65E1B71E8}"
EndProject
Global
	GlobalSection(SolutionConfigurationPlatforms) = preSolution
		Debug|Any CPU = Debug|Any CPU
		Release|Any CPU = Release|Any CPU
	EndGlobalSection
	GlobalSection(ProjectConfigurationPlatforms) = postSolution
		{DC6ECB0D-74AF-4C6D-E6D5-2B41FD2C372B}.Debug|Any CPU.ActiveCfg = Debug|Any CPU
		{DC6ECB0D-74AF-4C6D-E6D5-2B41FD2C372B}.Debug|Any CPU.Build.0 = Debug|Any CPU
		{DC6ECB0D-74AF-4C6D-E6D5-2B41FD2C372B}.Release|Any CPU.ActiveCfg = Release|Any CPU
		{DC6ECB0D-74AF-4C6D-E6D5-2B41FD2C372B}.Release|Any CPU.Build.0 = Release|Any CPU
		{5ED99523-EA76-4A3A-A08C-B6214FF91314}.Debug|Any CPU.ActiveCfg = Debug|Any CPU
		{5ED99523-EA76-4A3A-A08C-B6214FF91314}.Debug|Any CPU.Build.0 = Debug|Any CPU
		{5ED99523-EA76-4A3A-A08C-B6214FF91314}.Release|Any CPU.ActiveCfg = Release|Any CPU
		{5ED99523-EA76-4A3A-A08C-B6214FF91314}.Release|Any CPU.Build.0 = Release|Any CPU
		{12F6A394-B9BF-47FE-B4A8-7CA108CF031C}.Debug|Any CPU.ActiveCfg = Debug|Any CPU
		{12F6A394-B9BF-47FE-B4A8-7CA108CF031C}.Debug|Any CPU.Build.0 = Debug|Any CPU
		{12F6A394-B9BF-47FE-B4A8-7CA108CF031C}.Release|Any CPU.ActiveCfg = Release|Any CPU
		{12F6A394-B9BF-47FE-B4A8-7CA108CF031C}.Release|Any CPU.Build.0 = Release|Any CPU
		{54780744-4765-451F-B5D4-9186D7A0622D}.Debug|Any CPU.ActiveCfg = Debug|Any CPU
		{54780744-4765-451F-B5D4-9186D7A0622D}.Debug|Any CPU.Build.0 = Debug|Any CPU
		{54780744-4765-451F-B5D4-9186D7A0622D}.Release|Any CPU.ActiveCfg = Release|Any CPU
		{54780744-4765-451F-B5D4-9186D7A0622D}.Release|Any CPU.Build.0 = Release|Any CPU
	EndGlobalSection
	GlobalSection(SolutionProperties) = preSolution
		HideSolutionNode = FALSE
	EndGlobalSection
	GlobalSection(NestedProjects) = preSolution
		{12F6A394-B9BF-47FE-B4A8-7CA108CF031C} = {02EA681E-C7D8-13C7-8484-4AC65E1B71E8}
		{54780744-4765-451F-B5D4-9186D7A0622D} = {02EA681E-C7D8-13C7-8484-4AC65E1B71E8}
	EndGlobalSection
	GlobalSection(ExtensibilityGlobals) = postSolution
		SolutionGuid = {850D3D0B-3AD8-4693-BC74-5B8FD3124356}
	EndGlobalSection
EndGlobal
